
Microsoft Visual Studio Solution File, Format Version 12.00
# Visual Studio Version 16
VisualStudioVersion = 16.0.29613.14
MinimumVisualStudioVersion = 10.0.40219.1
Project("{9A19103F-16F7-4668-BE54-9A1E7A4F7556}") = "Be.Stateless.BizTalk.Dsl.Binding", "src\Be.Stateless.BizTalk.Dsl.Binding\Be.Stateless.BizTalk.Dsl.Binding.csproj", "{5CE04D37-FCB9-4A13-873F-B66FAB2AA1BF}"
EndProject
Project("{9A19103F-16F7-4668-BE54-9A1E7A4F7556}") = "Be.Stateless.BizTalk.Dsl.Binding.Tests", "src\Be.Stateless.BizTalk.Dsl.Binding.Tests\Be.Stateless.BizTalk.Dsl.Binding.Tests.csproj", "{2BC620DB-BAC3-4DDB-8F60-53AD88083D26}"
EndProject
Project("{2150E333-8FDC-42A3-9474-1A3956D46DE8}") = "Solution Items", "Solution Items", "{FB2DB540-81B8-4FA6-A37F-2DD74DE501FC}"
	ProjectSection(SolutionItems) = preProject
		.settings\.editorconfig = .settings\.editorconfig
	EndProjectSection
EndProject
Project("{9A19103F-16F7-4668-BE54-9A1E7A4F7556}") = "Be.Stateless.BizTalk.Dsl.Binding.Unit", "src\Be.Stateless.BizTalk.Dsl.Binding.Unit\Be.Stateless.BizTalk.Dsl.Binding.Unit.csproj", "{F349B45B-DB23-4877-9C00-821974C27016}"
EndProject
Project("{9A19103F-16F7-4668-BE54-9A1E7A4F7556}") = "Be.Stateless.BizTalk.Dsl.Binding.Unit.Tests", "src\Be.Stateless.BizTalk.Dsl.Binding.Unit.Tests\Be.Stateless.BizTalk.Dsl.Binding.Unit.Tests.csproj", "{8C548E82-C490-42E0-BBE3-209FDFF92AB1}"
EndProject
Project("{9A19103F-16F7-4668-BE54-9A1E7A4F7556}") = "Be.Stateless.BizTalk.Dsl.Binding.Conventions", "src\Be.Stateless.BizTalk.Dsl.Binding.Conventions\Be.Stateless.BizTalk.Dsl.Binding.Conventions.csproj", "{A0A3ADFA-D498-42C1-AAE7-12D7B82B3E52}"
EndProject
Project("{9A19103F-16F7-4668-BE54-9A1E7A4F7556}") = "Be.Stateless.BizTalk.Dsl.Binding.Conventions.Tests", "src\Be.Stateless.BizTalk.Dsl.Binding.Conventions.Tests\Be.Stateless.BizTalk.Dsl.Binding.Conventions.Tests.csproj", "{F810CCF0-47FB-49E9-8C12-F84231C878A8}"
EndProject
Project("{9A19103F-16F7-4668-BE54-9A1E7A4F7556}") = "Be.Stateless.BizTalk.Dsl.Binding.Dummies", "src\Be.Stateless.BizTalk.Dsl.Binding.Dummies\Be.Stateless.BizTalk.Dsl.Binding.Dummies.csproj", "{846158D1-6136-4D37-8335-2031C5ACF6BC}"
EndProject
Global
	GlobalSection(SolutionConfigurationPlatforms) = preSolution
		Debug|Any CPU = Debug|Any CPU
		Release|Any CPU = Release|Any CPU
	EndGlobalSection
	GlobalSection(ProjectConfigurationPlatforms) = postSolution
		{5CE04D37-FCB9-4A13-873F-B66FAB2AA1BF}.Debug|Any CPU.ActiveCfg = Debug|Any CPU
		{5CE04D37-FCB9-4A13-873F-B66FAB2AA1BF}.Debug|Any CPU.Build.0 = Debug|Any CPU
		{5CE04D37-FCB9-4A13-873F-B66FAB2AA1BF}.Release|Any CPU.ActiveCfg = Release|Any CPU
		{5CE04D37-FCB9-4A13-873F-B66FAB2AA1BF}.Release|Any CPU.Build.0 = Release|Any CPU
		{2BC620DB-BAC3-4DDB-8F60-53AD88083D26}.Debug|Any CPU.ActiveCfg = Debug|Any CPU
		{2BC620DB-BAC3-4DDB-8F60-53AD88083D26}.Debug|Any CPU.Build.0 = Debug|Any CPU
		{2BC620DB-BAC3-4DDB-8F60-53AD88083D26}.Release|Any CPU.ActiveCfg = Release|Any CPU
		{2BC620DB-BAC3-4DDB-8F60-53AD88083D26}.Release|Any CPU.Build.0 = Release|Any CPU
		{F349B45B-DB23-4877-9C00-821974C27016}.Debug|Any CPU.ActiveCfg = Debug|Any CPU
		{F349B45B-DB23-4877-9C00-821974C27016}.Debug|Any CPU.Build.0 = Debug|Any CPU
		{F349B45B-DB23-4877-9C00-821974C27016}.Release|Any CPU.ActiveCfg = Release|Any CPU
		{F349B45B-DB23-4877-9C00-821974C27016}.Release|Any CPU.Build.0 = Release|Any CPU
		{8C548E82-C490-42E0-BBE3-209FDFF92AB1}.Debug|Any CPU.ActiveCfg = Debug|Any CPU
		{8C548E82-C490-42E0-BBE3-209FDFF92AB1}.Debug|Any CPU.Build.0 = Debug|Any CPU
		{8C548E82-C490-42E0-BBE3-209FDFF92AB1}.Release|Any CPU.ActiveCfg = Release|Any CPU
		{8C548E82-C490-42E0-BBE3-209FDFF92AB1}.Release|Any CPU.Build.0 = Release|Any CPU
		{A0A3ADFA-D498-42C1-AAE7-12D7B82B3E52}.Debug|Any CPU.ActiveCfg = Debug|Any CPU
		{A0A3ADFA-D498-42C1-AAE7-12D7B82B3E52}.Debug|Any CPU.Build.0 = Debug|Any CPU
		{A0A3ADFA-D498-42C1-AAE7-12D7B82B3E52}.Release|Any CPU.ActiveCfg = Release|Any CPU
		{A0A3ADFA-D498-42C1-AAE7-12D7B82B3E52}.Release|Any CPU.Build.0 = Release|Any CPU
		{F810CCF0-47FB-49E9-8C12-F84231C878A8}.Debug|Any CPU.ActiveCfg = Debug|Any CPU
		{F810CCF0-47FB-49E9-8C12-F84231C878A8}.Debug|Any CPU.Build.0 = Debug|Any CPU
		{F810CCF0-47FB-49E9-8C12-F84231C878A8}.Release|Any CPU.ActiveCfg = Release|Any CPU
		{F810CCF0-47FB-49E9-8C12-F84231C878A8}.Release|Any CPU.Build.0 = Release|Any CPU
		{846158D1-6136-4D37-8335-2031C5ACF6BC}.Debug|Any CPU.ActiveCfg = Debug|Any CPU
		{846158D1-6136-4D37-8335-2031C5ACF6BC}.Debug|Any CPU.Build.0 = Debug|Any CPU
		{846158D1-6136-4D37-8335-2031C5ACF6BC}.Release|Any CPU.ActiveCfg = Release|Any CPU
		{846158D1-6136-4D37-8335-2031C5ACF6BC}.Release|Any CPU.Build.0 = Release|Any CPU
	EndGlobalSection
	GlobalSection(SolutionProperties) = preSolution
		HideSolutionNode = FALSE
	EndGlobalSection
	GlobalSection(ExtensibilityGlobals) = postSolution
		SolutionGuid = {1821A925-9E48-418F-BDCF-2AAF89AAD6CC}
	EndGlobalSection
EndGlobal
